PODS:
  - Alamofire (5.9.0)
  - IQKeyboardManagerSwift (7.0.2)
  - Kingfisher (7.11.0)
  - MBProgressHUD (1.2.0)
  - Realm (10.48.1):
    - Realm/Headers (= 10.48.1)
  - Realm/Headers (10.48.1)
  - RealmSwift (10.48.1):
    - Realm (= 10.48.1)
  - SwiftyJSON (5.0.2)

DEPENDENCIES:
  - Alamofire
  - IQKeyboardManagerSwift
  - Kingfisher
  - MBProgressHUD
  - RealmSwift
  - SwiftyJSON

SPEC REPOS:
  trunk:
    - Alamofire
    - IQKeyboardManagerSwift
    - Kingfisher
    - MBProgressHUD
    - Realm
    - RealmSwift
    - SwiftyJSON

SPEC CHECKSUMS:
  Alamofire: 02b772c9910e8eba1a079227c32fbd9e46c90a24
  IQKeyboardManagerSwift: d338c11a896e9f29603443700c4567e32f830c22
  Kingfisher: b9c985d864d43515f404f1ef4a8ce7d802ace3ac
  MBProgressHUD: 3ee5efcc380f6a79a7cc9b363dd669c5e1ae7406
  Realm: 0a97896f14bac20f01c149f5d9c5b04a3f69240d
  RealmSwift: c37a89ddbeab328d9d77ae7b7041441e2e51ae1e
  SwiftyJSON: f5b1bf1cd8dd53cd25887ac0eabcfd92301c6a5a

PODFILE CHECKSUM: 0bc33f64cbdd5bcbc8ae68d02942bfaaa8248f6b

COCOAPODS: 1.14.3
